
Microsoft Visual Studio Solution File, Format Version 12.00
# Visual Studio 2012
Project("{FAE04EC0-301F-11D3-BF4B-00C04F79EFBC}") = "MediaInfoDotNet", "MediaInfoDotNet\MediaInfoDotNet.csproj", "{3DDA4B81-B020-4044-B0E8-CC8A190FE00E}"
EndProject
Project("{2150E333-8FDC-42A3-9474-1A3956D46DE8}") = ".nuget", ".nuget", "{0A3EA5E2-1B20-4658-824C-D707B4A16D8D}"
	ProjectSection(SolutionItems) = preProject
		.nuget\NuGet.Config = .nuget\NuGet.Config
		.nuget\NuGet.exe = .nuget\NuGet.exe
		.nuget\NuGet.targets = .nuget\NuGet.targets
		.nuget\packages.config = .nuget\packages.config
	EndProjectSection
EndProject
Project("{FAE04EC0-301F-11D3-BF4B-00C04F79EFBC}") = "MediaInfoDotNet.WFClient", "MediaInfoDotNet.WFClient\MediaInfoDotNet.WFClient.csproj", "{E6D2CC35-4B89-4339-9A03-4A382C385EBB}"
EndProject
Project("{FAE04EC0-301F-11D3-BF4B-00C04F79EFBC}") = "MediaInfoDotNet.Examples", "MediaInfoDotNet.Examples\MediaInfoDotNet.Examples.csproj", "{5E29E96D-DC82-4E8E-95DC-6AA15782A5C5}"
EndProject
Global
	GlobalSection(SolutionConfigurationPlatforms) = preSolution
		Debug|Any CPU = Debug|Any CPU
		Debug|x86 = Debug|x86
		Release|Any CPU = Release|Any CPU
		Release|x86 = Release|x86
	EndGlobalSection
	GlobalSection(ProjectConfigurationPlatforms) = postSolution
		{3DDA4B81-B020-4044-B0E8-CC8A190FE00E}.Debug|Any CPU.ActiveCfg = Debug|Any CPU
		{3DDA4B81-B020-4044-B0E8-CC8A190FE00E}.Debug|Any CPU.Build.0 = Debug|Any CPU
		{3DDA4B81-B020-4044-B0E8-CC8A190FE00E}.Debug|x86.ActiveCfg = Debug|x86
		{3DDA4B81-B020-4044-B0E8-CC8A190FE00E}.Debug|x86.Build.0 = Debug|x86
		{3DDA4B81-B020-4044-B0E8-CC8A190FE00E}.Release|Any CPU.ActiveCfg = Release|Any CPU
		{3DDA4B81-B020-4044-B0E8-CC8A190FE00E}.Release|Any CPU.Build.0 = Release|Any CPU
		{3DDA4B81-B020-4044-B0E8-CC8A190FE00E}.Release|x86.ActiveCfg = Release|x86
		{3DDA4B81-B020-4044-B0E8-CC8A190FE00E}.Release|x86.Build.0 = Release|x86
		{E6D2CC35-4B89-4339-9A03-4A382C385EBB}.Debug|Any CPU.ActiveCfg = Debug|Any CPU
		{E6D2CC35-4B89-4339-9A03-4A382C385EBB}.Debug|Any CPU.Build.0 = Debug|Any CPU
		{E6D2CC35-4B89-4339-9A03-4A382C385EBB}.Debug|x86.ActiveCfg = Debug|Any CPU
		{E6D2CC35-4B89-4339-9A03-4A382C385EBB}.Release|Any CPU.ActiveCfg = Release|Any CPU
		{E6D2CC35-4B89-4339-9A03-4A382C385EBB}.Release|Any CPU.Build.0 = Release|Any CPU
		{E6D2CC35-4B89-4339-9A03-4A382C385EBB}.Release|x86.ActiveCfg = Release|Any CPU
		{5E29E96D-DC82-4E8E-95DC-6AA15782A5C5}.Debug|Any CPU.ActiveCfg = Debug|Any CPU
		{5E29E96D-DC82-4E8E-95DC-6AA15782A5C5}.Debug|Any CPU.Build.0 = Debug|Any CPU
		{5E29E96D-DC82-4E8E-95DC-6AA15782A5C5}.Debug|x86.ActiveCfg = Debug|Any CPU
		{5E29E96D-DC82-4E8E-95DC-6AA15782A5C5}.Release|Any CPU.ActiveCfg = Release|Any CPU
		{5E29E96D-DC82-4E8E-95DC-6AA15782A5C5}.Release|Any CPU.Build.0 = Release|Any CPU
		{5E29E96D-DC82-4E8E-95DC-6AA15782A5C5}.Release|x86.ActiveCfg = Release|Any CPU
	EndGlobalSection
	GlobalSection(SolutionProperties) = preSolution
		HideSolutionNode = FALSE
	EndGlobalSection
EndGlobal
